
Microsoft Visual Studio Solution File, Format Version 12.00
# Visual Studio Version 17
VisualStudioVersion = 17.3.32819.101
MinimumVisualStudioVersion = 10.0.40219.1
Project("{FAE04EC0-301F-11D3-BF4B-00C04F79EFBC}") = "ChatApp", "ChatApp\ChatApp.csproj", "{352D6384-FA79-47A4-AF04-DFE751AA1FF8}"
EndProject
Global
	GlobalSection(SolutionConfigurationPlatforms) = preSolution
		Debug|Any CPU = Debug|Any CPU
		Release|Any CPU = Release|Any CPU
	EndGlobalSection
	GlobalSection(ProjectConfigurationPlatforms) = postSolution
		{352D6384-FA79-47A4-AF04-DFE751AA1FF8}.Debug|Any CPU.ActiveCfg = Debug|Any CPU
		{352D6384-FA79-47A4-AF04-DFE751AA1FF8}.Debug|Any CPU.Build.0 = Debug|Any CPU
		{352D6384-FA79-47A4-AF04-DFE751AA1FF8}.Release|Any CPU.ActiveCfg = Release|Any CPU
		{352D6384-FA79-47A4-AF04-DFE751AA1FF8}.Release|Any CPU.Build.0 = Release|Any CPU
	EndGlobalSection
	GlobalSection(SolutionProperties) = preSolution
		HideSolutionNode = FALSE
	EndGlobalSection
	GlobalSection(ExtensibilityGlobals) = postSolution
		SolutionGuid = {7CF00882-8C60-4DA8-8453-E1C1E9F30A7B}
	EndGlobalSection
EndGlobal
